lockfileVersion: '9.0'

settings:
  autoInstallPeers: true
  excludeLinksFromLockfile: false

importers:

  .:
    devDependencies:
      turbo:
        specifier: ^2.8.13
        version: 2.8.13

packages:

  turbo-darwin-64@2.8.13:
    resolution: {integrity: sha512-PmOvodQNiOj77+Zwoqku70vwVjKzL34RTNxxoARjp5RU5FOj/CGiC6vcDQhNtFPUOWSAaogHF5qIka9TBhX4XA==}
    cpu: [x64]
    os: [darwin]

  turbo-darwin-arm64@2.8.13:
    resolution: {integrity: sha512-kI+anKcLIM4L8h+NsM7mtAUpElkCOxv5LgiQVQR8BASyDFfc8Efj5kCk3cqxuxOvIqx0sLfCX7atrHQ2kwuNJQ==}
    cpu: [arm64]
    os: [darwin]

  turbo-linux-64@2.8.13:
    resolution: {integrity: sha512-j29KnQhHyzdzgCykBFeBqUPS4Wj7lWMnZ8CHqytlYDap4Jy70l4RNG46pOL9+lGu6DepK2s1rE86zQfo0IOdPw==}
    cpu: [x64]
    os: [linux]

  turbo-linux-arm64@2.8.13:
    resolution: {integrity: sha512-OEl1YocXGZDRDh28doOUn49QwNe82kXljO1HXApjU0LapkDiGpfl3jkAlPKxEkGDSYWc8MH5Ll8S16Rf5tEBYg==}
    cpu: [arm64]
    os: [linux]

  turbo-windows-64@2.8.13:
    resolution: {integrity: sha512-717bVk1+Pn2Jody7OmWludhEirEe0okoj1NpRbSm5kVZz/yNN/jfjbxWC6ilimXMz7xoMT3IDfQFJsFR3PMANA==}
    cpu: [x64]
    os: [win32]

  turbo-windows-arm64@2.8.13:
    resolution: {integrity: sha512-R819HShLIT0Wj6zWVnIsYvSNtRNj1q9VIyaUz0P24SMcLCbQZIm1sV09F4SDbg+KCCumqD2lcaR2UViQ8SnUJA==}
    cpu: [arm64]
    os: [win32]

  turbo@2.8.13:
    resolution: {integrity: sha512-nyM99hwFB9/DHaFyKEqatdayGjsMNYsQ/XBNO6MITc7roncZetKb97MpHxWf3uiU+LB9c9HUlU3Jp2Ixei2k1A==}
    hasBin: true

snapshots:

  turbo-darwin-64@2.8.13:
    optional: true

  turbo-darwin-arm64@2.8.13:
    optional: true

  turbo-linux-64@2.8.13:
    optional: true

  turbo-linux-arm64@2.8.13:
    optional: true

  turbo-windows-64@2.8.13:
    optional: true

  turbo-windows-arm64@2.8.13:
    optional: true

  turbo@2.8.13:
    optionalDependencies:
      turbo-darwin-64: 2.8.13
      turbo-darwin-arm64: 2.8.13
      turbo-linux-64: 2.8.13
      turbo-linux-arm64: 2.8.13
      turbo-windows-64: 2.8.13
      turbo-windows-arm64: 2.8.13
